
Microsoft Visual Studio Solution File, Format Version 12.00
# Visual Studio 15
VisualStudioVersion = 15.0.28010.2050
MinimumVisualStudioVersion = 10.0.40219.1
Project("{FAE04EC0-301F-11D3-BF4B-00C04F79EFBC}") = "samplewebapp", "samplewebapp\samplewebapp.csproj", "{17C2A826-CC8B-4513-8291-2EEE98D58B9A}"
EndProject
Global
	GlobalSection(SolutionConfigurationPlatforms) = preSolution
		Debug|Any CPU = Debug|Any CPU
		Release|Any CPU = Release|Any CPU
	EndGlobalSection
	GlobalSection(ProjectConfigurationPlatforms) = postSolution
		{17C2A826-CC8B-4513-8291-2EEE98D58B9A}.Debug|Any CPU.ActiveCfg = Debug|Any CPU
		{17C2A826-CC8B-4513-8291-2EEE98D58B9A}.Debug|Any CPU.Build.0 = Debug|Any CPU
		{17C2A826-CC8B-4513-8291-2EEE98D58B9A}.Release|Any CPU.ActiveCfg = Release|Any CPU
		{17C2A826-CC8B-4513-8291-2EEE98D58B9A}.Release|Any CPU.Build.0 = Release|Any CPU
	EndGlobalSection
	GlobalSection(SolutionProperties) = preSolution
		HideSolutionNode = FALSE
	EndGlobalSection
	GlobalSection(ExtensibilityGlobals) = postSolution
		SolutionGuid = {25077F9A-1C1B-403A-B745-9E162B066964}
	EndGlobalSection
EndGlobal
